
Microsoft Visual Studio Solution File, Format Version 12.00
# Visual Studio Version 17
VisualStudioVersion = 17.6.33801.468
MinimumVisualStudioVersion = 10.0.40219.1
Project("{FAE04EC0-301F-11D3-BF4B-00C04F79EFBC}") = "ZadanieSrednia", "ZadanieSrednia.csproj", "{BC3AB22D-4151-45A1-A719-B06CD58E122A}"
EndProject
Global
	GlobalSection(SolutionConfigurationPlatforms) = preSolution
		Debug|Any CPU = Debug|Any CPU
		Release|Any CPU = Release|Any CPU
	EndGlobalSection
	GlobalSection(ProjectConfigurationPlatforms) = postSolution
		{BC3AB22D-4151-45A1-A719-B06CD58E122A}.Debug|Any CPU.ActiveCfg = Debug|Any CPU
		{BC3AB22D-4151-45A1-A719-B06CD58E122A}.Debug|Any CPU.Build.0 = Debug|Any CPU
		{BC3AB22D-4151-45A1-A719-B06CD58E122A}.Release|Any CPU.ActiveCfg = Release|Any CPU
		{BC3AB22D-4151-45A1-A719-B06CD58E122A}.Release|Any CPU.Build.0 = Release|Any CPU
	EndGlobalSection
	GlobalSection(SolutionProperties) = preSolution
		HideSolutionNode = FALSE
	EndGlobalSection
	GlobalSection(ExtensibilityGlobals) = postSolution
		SolutionGuid = {5E50F29D-4BDD-44AC-A74B-FA4956525240}
	EndGlobalSection
EndGlobal
